
Microsoft Visual Studio Solution File, Format Version 12.00
# Visual Studio Version 17
VisualStudioVersion = 17.13.35913.81 d17.13
MinimumVisualStudioVersion = 10.0.40219.1
Project("{FAE04EC0-301F-11D3-BF4B-00C04F79EFBC}") = "CFAIProcessor.UI", "CFAIProcessor.UI.csproj", "{848B5A10-D399-453E-B8A6-2EB4C53A78FF}"
EndProject
Project("{FAE04EC0-301F-11D3-BF4B-00C04F79EFBC}") = "CFAIProcessor.Common", "..\CFAIProcessor.Common\CFAIProcessor.Common.csproj", "{103D4303-2016-4FE6-B12D-50012239496E}"
EndProject
Global
	GlobalSection(SolutionConfigurationPlatforms) = preSolution
		Debug|Any CPU = Debug|Any CPU
		Release|Any CPU = Release|Any CPU
	EndGlobalSection
	GlobalSection(ProjectConfigurationPlatforms) = postSolution
		{848B5A10-D399-453E-B8A6-2EB4C53A78FF}.Debug|Any CPU.ActiveCfg = Debug|Any CPU
		{848B5A10-D399-453E-B8A6-2EB4C53A78FF}.Debug|Any CPU.Build.0 = Debug|Any CPU
		{848B5A10-D399-453E-B8A6-2EB4C53A78FF}.Release|Any CPU.ActiveCfg = Release|Any CPU
		{848B5A10-D399-453E-B8A6-2EB4C53A78FF}.Release|Any CPU.Build.0 = Release|Any CPU
		{103D4303-2016-4FE6-B12D-50012239496E}.Debug|Any CPU.ActiveCfg = Debug|Any CPU
		{103D4303-2016-4FE6-B12D-50012239496E}.Debug|Any CPU.Build.0 = Debug|Any CPU
		{103D4303-2016-4FE6-B12D-50012239496E}.Release|Any CPU.ActiveCfg = Release|Any CPU
		{103D4303-2016-4FE6-B12D-50012239496E}.Release|Any CPU.Build.0 = Release|Any CPU
	EndGlobalSection
	GlobalSection(SolutionProperties) = preSolution
		HideSolutionNode = FALSE
	EndGlobalSection
	GlobalSection(ExtensibilityGlobals) = postSolution
		SolutionGuid = {9195C5DF-60F5-443D-A481-6683F5B82C45}
	EndGlobalSection
EndGlobal
