
Microsoft Visual Studio Solution File, Format Version 12.00
# Visual Studio Version 17
VisualStudioVersion = 17.13.35913.81
MinimumVisualStudioVersion = 10.0.40219.1
Project("{FAE04EC0-301F-11D3-BF4B-00C04F79EFBC}") = "CFAIProcessor.Common", "..\CFAIProcessor.Common\CFAIProcessor.Common.csproj", "{103D4303-2016-4FE6-B12D-50012239496E}"
EndProject
Project("{FAE04EC0-301F-11D3-BF4B-00C04F79EFBC}") = "CFAIProcessor.xUnit", "..\CFAIProcessor.xUnit\CFAIProcessor.xUnit.csproj", "{EAE287FE-4481-49B1-973D-821F721BEF73}"
EndProject
Project("{FAE04EC0-301F-11D3-BF4B-00C04F79EFBC}") = "CFAIProcessor.TestUI", "CFAIProcessor.TestUI.csproj", "{724E8402-A2BA-7319-1EBC-BE5DBD0C5DD4}"
EndProject
Project("{FAE04EC0-301F-11D3-BF4B-00C04F79EFBC}") = "CFAIProcessor.UI", "..\CFAIProcessor.UI\CFAIProcessor.UI.csproj", "{BDB766A2-0D23-4324-A23D-6659CF811286}"
EndProject
Project("{FAE04EC0-301F-11D3-BF4B-00C04F79EFBC}") = "CFUtilities", "..\..\cf-utilities-core\CFUtilities\CFUtilities.csproj", "{523E8A92-10A1-724B-D867-1EEF95AE4C96}"
EndProject
Project("{FAE04EC0-301F-11D3-BF4B-00C04F79EFBC}") = "CFCSV", "..\..\cf-csv\CFCSV\CFCSV.csproj", "{5631018B-A82B-4545-C9F5-241C799476AC}"
EndProject
Global
	GlobalSection(SolutionConfigurationPlatforms) = preSolution
		Debug|Any CPU = Debug|Any CPU
		Release|Any CPU = Release|Any CPU
	EndGlobalSection
	GlobalSection(ProjectConfigurationPlatforms) = postSolution
		{103D4303-2016-4FE6-B12D-50012239496E}.Debug|Any CPU.ActiveCfg = Debug|Any CPU
		{103D4303-2016-4FE6-B12D-50012239496E}.Debug|Any CPU.Build.0 = Debug|Any CPU
		{103D4303-2016-4FE6-B12D-50012239496E}.Release|Any CPU.ActiveCfg = Release|Any CPU
		{103D4303-2016-4FE6-B12D-50012239496E}.Release|Any CPU.Build.0 = Release|Any CPU
		{EAE287FE-4481-49B1-973D-821F721BEF73}.Debug|Any CPU.ActiveCfg = Debug|Any CPU
		{EAE287FE-4481-49B1-973D-821F721BEF73}.Debug|Any CPU.Build.0 = Debug|Any CPU
		{EAE287FE-4481-49B1-973D-821F721BEF73}.Release|Any CPU.ActiveCfg = Release|Any CPU
		{EAE287FE-4481-49B1-973D-821F721BEF73}.Release|Any CPU.Build.0 = Release|Any CPU
		{724E8402-A2BA-7319-1EBC-BE5DBD0C5DD4}.Debug|Any CPU.ActiveCfg = Debug|Any CPU
		{724E8402-A2BA-7319-1EBC-BE5DBD0C5DD4}.Debug|Any CPU.Build.0 = Debug|Any CPU
		{724E8402-A2BA-7319-1EBC-BE5DBD0C5DD4}.Release|Any CPU.ActiveCfg = Release|Any CPU
		{724E8402-A2BA-7319-1EBC-BE5DBD0C5DD4}.Release|Any CPU.Build.0 = Release|Any CPU
		{BDB766A2-0D23-4324-A23D-6659CF811286}.Debug|Any CPU.ActiveCfg = Debug|Any CPU
		{BDB766A2-0D23-4324-A23D-6659CF811286}.Debug|Any CPU.Build.0 = Debug|Any CPU
		{BDB766A2-0D23-4324-A23D-6659CF811286}.Release|Any CPU.ActiveCfg = Release|Any CPU
		{BDB766A2-0D23-4324-A23D-6659CF811286}.Release|Any CPU.Build.0 = Release|Any CPU
		{523E8A92-10A1-724B-D867-1EEF95AE4C96}.Debug|Any CPU.ActiveCfg = Debug|Any CPU
		{523E8A92-10A1-724B-D867-1EEF95AE4C96}.Debug|Any CPU.Build.0 = Debug|Any CPU
		{523E8A92-10A1-724B-D867-1EEF95AE4C96}.Release|Any CPU.ActiveCfg = Release|Any CPU
		{523E8A92-10A1-724B-D867-1EEF95AE4C96}.Release|Any CPU.Build.0 = Release|Any CPU
		{5631018B-A82B-4545-C9F5-241C799476AC}.Debug|Any CPU.ActiveCfg = Debug|Any CPU
		{5631018B-A82B-4545-C9F5-241C799476AC}.Debug|Any CPU.Build.0 = Debug|Any CPU
		{5631018B-A82B-4545-C9F5-241C799476AC}.Release|Any CPU.ActiveCfg = Release|Any CPU
		{5631018B-A82B-4545-C9F5-241C799476AC}.Release|Any CPU.Build.0 = Release|Any CPU
	EndGlobalSection
	GlobalSection(SolutionProperties) = preSolution
		HideSolutionNode = FALSE
	EndGlobalSection
	GlobalSection(ExtensibilityGlobals) = postSolution
		SolutionGuid = {9195C5DF-60F5-443D-A481-6683F5B82C45}
	EndGlobalSection
EndGlobal
